{
  "name": "nhs-notify",
  "version": "1.0.0",
  "lockfileVersion": 3,
  "requires": true,
  "packages": {
    "": {
      "name": "nhs-notify",
      "version": "1.0.0",
      "license": "ISC",
      "dependencies": {
        "nhsuk-frontend": "^8.1.1"
      },
      "devDependencies": {}
    },
    "node_modules/nhsuk-frontend": {
      "version": "8.3.0",
      "resolved": "https://registry.npmjs.org/nhsuk-frontend/-/nhsuk-frontend-8.3.0.tgz",
      "integrity": "sha512-oln8/+0ZJwQgWPrEWcI7+4SeHdAfr3dkvZ5PAKswa6+66f7dbnwYq/IU+Aaqzp25EJsQuSlwElZghJHUKIUOqg==",
      "license": "MIT",
      "engines": {
        "node": ">=20.0.0"
      }
    }
  }
}
